// !$*UTF8*$!
{
	archiveVersion = 1;
	classes = {
	};
	objectVersion = 56;
	objects = {

/* Begin PBXBuildFile section */
		B4193A8D2B5E5B3B00049BA9 /* AppDelegate.swift in Sources */ = {isa = PBXBuildFile; fileRef = B4193A8C2B5E5B3B00049BA9 /* AppDelegate.swift */; };
		B4193A8F2B5E5B3B00049BA9 /* SceneDelegate.swift in Sources */ = {isa = PBXBuildFile; fileRef = B4193A8E2B5E5B3B00049BA9 /* SceneDelegate.swift */; };
		B4193A912B5E5B3B00049BA9 /* ViewController.swift in Sources */ = {isa = PBXBuildFile; fileRef = B4193A902B5E5B3B00049BA9 /* ViewController.swift */; };
		B4193A942B5E5B3B00049BA9 /* Main.storyboard in Resources */ = {isa = PBXBuildFile; fileRef = B4193A922B5E5B3B00049BA9 /* Main.storyboard */; };
		B4193A962B5E5B3E00049BA9 /* Assets.xcassets in Resources */ = {isa = PBXBuildFile; fileRef = B4193A952B5E5B3E00049BA9 /* Assets.xcassets */; };
		B4193A992B5E5B3E00049BA9 /* LaunchScreen.storyboard in Resources */ = {isa = PBXBuildFile; fileRef = B4193A972B5E5B3E00049BA9 /* LaunchScreen.storyboard */; };
		B4193AA42B5E5B3E00049BA9 /* exchange_rateTests.swift in Sources */ = {isa = PBXBuildFile; fileRef = B4193AA32B5E5B3E00049BA9 /* exchange_rateTests.swift */; };
		B4193AAE2B5E5B3E00049BA9 /* exchange_rateUITests.swift in Sources */ = {isa = PBXBuildFile; fileRef = B4193AAD2B5E5B3E00049BA9 /* exchange_rateUITests.swift */; };
		B4193AB02B5E5B3E00049BA9 /* exchange_rateUITestsLaunchTests.swift in Sources */ = {isa = PBXBuildFile; fileRef = B4193AAF2B5E5B3E00049BA9 /* exchange_rateUITestsLaunchTests.swift */; };
/* End PBXBuildFile section */

/* Begin PBXContainerItemProxy section */
		B4193AA02B5E5B3E00049BA9 /* PBXContainerItemProxy */ = {
			isa = PBXContainerItemProxy;
			containerPortal = B4193A812B5E5B3B00049BA9 /* Project object */;
			proxyType = 1;
			remoteGlobalIDString = B4193A882B5E5B3B00049BA9;
			remoteInfo = "exchange-rate";
		};
		B4193AAA2B5E5B3E00049BA9 /* PBXContainerItemProxy */ = {
			isa = PBXContainerItemProxy;
			containerPortal = B4193A812B5E5B3B00049BA9 /* Project object */;
			proxyType = 1;
			remoteGlobalIDString = B4193A882B5E5B3B00049BA9;
			remoteInfo = "exchange-rate";
		};
/* End PBXContainerItemProxy section */

/* Begin PBXFileReference section */
		B4193A892B5E5B3B00049BA9 /* exchange-rate.app */ = {isa = PBXFileReference; explicitFileType = wrapper.application; includeInIndex = 0; path = "exchange-rate.app"; sourceTree = BUILT_PRODUCTS_DIR; };
		B4193A8C2B5E5B3B00049BA9 /* AppDelegate.swift */ = {isa = PBXFileReference; lastKnownFileType = sourcecode.swift; path = AppDelegate.swift; sourceTree = "<group>"; };
		B4193A8E2B5E5B3B00049BA9 /* SceneDelegate.swift */ = {isa = PBXFileReference; lastKnownFileType = sourcecode.swift; path = SceneDelegate.swift; sourceTree = "<group>"; };
		B4193A902B5E5B3B00049BA9 /* ViewController.swift */ = {isa = PBXFileReference; lastKnownFileType = sourcecode.swift; path = ViewController.swift; sourceTree = "<group>"; };
		B4193A932B5E5B3B00049BA9 /* Base */ = {isa = PBXFileReference; lastKnownFileType = file.storyboard; name = Base; path = Base.lproj/Main.storyboard; sourceTree = "<group>"; };
		B4193A952B5E5B3E00049BA9 /* Assets.xcassets */ = {isa = PBXFileReference; lastKnownFileType = folder.assetcatalog; path = Assets.xcassets; sourceTree = "<group>"; };
		B4193A982B5E5B3E00049BA9 /* Base */ = {isa = PBXFileReference; lastKnownFileType = file.storyboard; name = Base; path = Base.lproj/LaunchScreen.storyboard; sourceTree = "<group>"; };
		B4193A9A2B5E5B3E00049BA9 /* Info.plist */ = {isa = PBXFileReference; lastKnownFileType = text.plist.xml; path = Info.plist; sourceTree = "<group>"; };
		B4193A9F2B5E5B3E00049BA9 /* exchange-rateTests.xctest */ = {isa = PBXFileReference; explicitFileType = wrapper.cfbundle; includeInIndex = 0; path = "exchange-rateTests.xctest"; sourceTree = BUILT_PRODUCTS_DIR; };
		B4193AA32B5E5B3E00049BA9 /* exchange_rateTests.swift */ = {isa = PBXFileReference; lastKnownFileType = sourcecode.swift; path = exchange_rateTests.swift; sourceTree = "<group>"; };
		B4193AA92B5E5B3E00049BA9 /* exchange-rateUITests.xctest */ = {isa = PBXFileReference; explicitFileType = wrapper.cfbundle; includeInIndex = 0; path = "exchange-rateUITests.xctest"; sourceTree = BUILT_PRODUCTS_DIR; };
		B4193AAD2B5E5B3E00049BA9 /* exchange_rateUITests.swift */ = {isa = PBXFileReference; lastKnownFileType = sourcecode.swift; path = exchange_rateUITests.swift; sourceTree = "<group>"; };
		B4193AAF2B5E5B3E00049BA9 /* exchange_rateUITestsLaunchTests.swift */ = {isa = PBXFileReference; lastKnownFileType = sourcecode.swift; path = exchange_rateUITestsLaunchTests.swift; sourceTree = "<group>"; };
/* End PBXFileReference section */

/* Begin PBXFrameworksBuildPhase section */
		B4193A862B5E5B3B00049BA9 /* Frameworks */ = {
			isa = PBXFrameworksBuildPhase;
			buildActionMask = 2147483647;
			files = (
			);
			runOnlyForDeploymentPostprocessing = 0;
		};
		B4193A9C2B5E5B3E00049BA9 /* Frameworks */ = {
			isa = PBXFrameworksBuildPhase;
			buildActionMask = 2147483647;
			files = (
			);
			runOnlyForDeploymentPostprocessing = 0;
		};
		B4193AA62B5E5B3E00049BA9 /* Frameworks */ = {
			isa = PBXFrameworksBuildPhase;
			buildActionMask = 2147483647;
			files = (
			);
			runOnlyForDeploymentPostprocessing = 0;
		};
/* End PBXFrameworksBuildPhase section */

/* Begin PBXGroup section */
		B4193A802B5E5B3B00049BA9 = {
			isa = PBXGroup;
			children = (
				B4193A8B2B5E5B3B00049BA9 /* exchange-rate */,
				B4193AA22B5E5B3E00049BA9 /* exchange-rateTests */,
				B4193AAC2B5E5B3E00049BA9 /* exchange-rateUITests */,
				B4193A8A2B5E5B3B00049BA9 /* Products */,
			);
			sourceTree = "<group>";
		};
		B4193A8A2B5E5B3B00049BA9 /* Products */ = {
			isa = PBXGroup;
			children = (
				B4193A892B5E5B3B00049BA9 /* exchange-rate.app */,
				B4193A9F2B5E5B3E00049BA9 /* exchange-rateTests.xctest */,
				B4193AA92B5E5B3E00049BA9 /* exchange-rateUITests.xctest */,
			);
			name = Products;
			sourceTree = "<group>";
		};
		B4193A8B2B5E5B3B00049BA9 /* exchange-rate */ = {
			isa = PBXGroup;
			children = (
				B4193A8C2B5E5B3B00049BA9 /* AppDelegate.swift */,
				B4193A8E2B5E5B3B00049BA9 /* SceneDelegate.swift */,
				B4193A902B5E5B3B00049BA9 /* ViewController.swift */,
				B4193A922B5E5B3B00049BA9 /* Main.storyboard */,
				B4193A952B5E5B3E00049BA9 /* Assets.xcassets */,
				B4193A972B5E5B3E00049BA9 /* LaunchScreen.storyboard */,
				B4193A9A2B5E5B3E00049BA9 /* Info.plist */,
			);
			path = "exchange-rate";
			sourceTree = "<group>";
		};
		B4193AA22B5E5B3E00049BA9 /* exchange-rateTests */ = {
			isa = PBXGroup;
			children = (
				B4193AA32B5E5B3E00049BA9 /* exchange_rateTests.swift */,
			);
			path = "exchange-rateTests";
			sourceTree = "<group>";
		};
		B4193AAC2B5E5B3E00049BA9 /* exchange-rateUITests */ = {
			isa = PBXGroup;
			children = (
				B4193AAD2B5E5B3E00049BA9 /* exchange_rateUITests.swift */,
				B4193AAF2B5E5B3E00049BA9 /* exchange_rateUITestsLaunchTests.swift */,
			);
			path = "exchange-rateUITests";
			sourceTree = "<group>";
		};
/* End PBXGroup section */

/* Begin PBXNativeTarget section */
		B4193A882B5E5B3B00049BA9 /* exchange-rate */ = {
			isa = PBXNativeTarget;
			buildConfigurationList = B4193AB32B5E5B3E00049BA9 /* Build configuration list for PBXNativeTarget "exchange-rate" */;
			buildPhases = (
				B4193A852B5E5B3B00049BA9 /* Sources */,
				B4193A862B5E5B3B00049BA9 /* Frameworks */,
				B4193A872B5E5B3B00049BA9 /* Resources */,
			);
			buildRules = (
			);
			dependencies = (
			);
			name = "exchange-rate";
			productName = "exchange-rate";
			productReference = B4193A892B5E5B3B00049BA9 /* exchange-rate.app */;
			productType = "com.apple.product-type.application";
		};
		B4193A9E2B5E5B3E00049BA9 /* exchange-rateTests */ = {
			isa = PBXNativeTarget;
			buildConfigurationList = B4193AB62B5E5B3E00049BA9 /* Build configuration list for PBXNativeTarget "exchange-rateTests" */;
			buildPhases = (
				B4193A9B2B5E5B3E00049BA9 /* Sources */,
				B4193A9C2B5E5B3E00049BA9 /* Frameworks */,
				B4193A9D2B5E5B3E00049BA9 /* Resources */,
			);
			buildRules = (
			);
			dependencies = (
				B4193AA12B5E5B3E00049BA9 /* PBXTargetDependency */,
			);
			name = "exchange-rateTests";
			productName = "exchange-rateTests";
			productReference = B4193A9F2B5E5B3E00049BA9 /* exchange-rateTests.xctest */;
			productType = "com.apple.product-type.bundle.unit-test";
		};
		B4193AA82B5E5B3E00049BA9 /* exchange-rateUITests */ = {
			isa = PBXNativeTarget;
			buildConfigurationList = B4193AB92B5E5B3E00049BA9 /* Build configuration list for PBXNativeTarget "exchange-rateUITests" */;
			buildPhases = (
				B4193AA52B5E5B3E00049BA9 /* Sources */,
				B4193AA62B5E5B3E00049BA9 /* Frameworks */,
				B4193AA72B5E5B3E00049BA9 /* Resources */,
			);
			buildRules = (
			);
			dependencies = (
				B4193AAB2B5E5B3E00049BA9 /* PBXTargetDependency */,
			);
			name = "exchange-rateUITests";
			productName = "exchange-rateUITests";
			productReference = B4193AA92B5E5B3E00049BA9 /* exchange-rateUITests.xctest */;
			productType = "com.apple.product-type.bundle.ui-testing";
		};
/* End PBXNativeTarget section */

/* Begin PBXProject section */
		B4193A812B5E5B3B00049BA9 /* Project object */ = {
			isa = PBXProject;
			attributes = {
				BuildIndependentTargetsInParallel = 1;
				LastSwiftUpdateCheck = 1500;
				LastUpgradeCheck = 1500;
				TargetAttributes = {
					B4193A882B5E5B3B00049BA9 = {
						CreatedOnToolsVersion = 15.0;
					};
					B4193A9E2B5E5B3E00049BA9 = {
						CreatedOnToolsVersion = 15.0;
						TestTargetID = B4193A882B5E5B3B00049BA9;
					};
					B4193AA82B5E5B3E00049BA9 = {
						CreatedOnToolsVersion = 15.0;
						TestTargetID = B4193A882B5E5B3B00049BA9;
					};
				};
			};
			buildConfigurationList = B4193A842B5E5B3B00049BA9 /* Build configuration list for PBXProject "exchange-rate" */;
			compatibilityVersion = "Xcode 14.0";
			developmentRegion = en;
			hasScannedForEncodings = 0;
			knownRegions = (
				en,
				Base,
			);
			mainGroup = B4193A802B5E5B3B00049BA9;
			productRefGroup = B4193A8A2B5E5B3B00049BA9 /* Products */;
			projectDirPath = "";
			projectRoot = "";
			targets = (
				B4193A882B5E5B3B00049BA9 /* exchange-rate */,
				B4193A9E2B5E5B3E00049BA9 /* exchange-rateTests */,
				B4193AA82B5E5B3E00049BA9 /* exchange-rateUITests */,
			);
		};
/* End PBXProject section */

/* Begin PBXResourcesBuildPhase section */
		B4193A872B5E5B3B00049BA9 /* Resources */ = {
			isa = PBXResourcesBuildPhase;
			buildActionMask = 2147483647;
			files = (
				B4193A992B5E5B3E00049BA9 /* LaunchScreen.storyboard in Resources */,
				B4193A962B5E5B3E00049BA9 /* Assets.xcassets in Resources */,
				B4193A942B5E5B3B00049BA9 /* Main.storyboard in Resources */,
			);
			runOnlyForDeploymentPostprocessing = 0;
		};
		B4193A9D2B5E5B3E00049BA9 /* Resources */ = {
			isa = PBXResourcesBuildPhase;
			buildActionMask = 2147483647;
			files = (
			);
			runOnlyForDeploymentPostprocessing = 0;
		};
		B4193AA72B5E5B3E00049BA9 /* Resources */ = {
			isa = PBXResourcesBuildPhase;
			buildActionMask = 2147483647;
			files = (
			);
			runOnlyForDeploymentPostprocessing = 0;
		};
/* End PBXResourcesBuildPhase section */

/* Begin PBXSourcesBuildPhase section */
		B4193A852B5E5B3B00049BA9 /* Sources */ = {
			isa = PBXSourcesBuildPhase;
			buildActionMask = 2147483647;
			files = (
				B4193A912B5E5B3B00049BA9 /* ViewController.swift in Sources */,
				B4193A8D2B5E5B3B00049BA9 /* AppDelegate.swift in Sources */,
				B4193A8F2B5E5B3B00049BA9 /* SceneDelegate.swift in Sources */,
			);
			runOnlyForDeploymentPostprocessing = 0;
		};
		B4193A9B2B5E5B3E00049BA9 /* Sources */ = {
			isa = PBXSourcesBuildPhase;
			buildActionMask = 2147483647;
			files = (
				B4193AA42B5E5B3E00049BA9 /* exchange_rateTests.swift in Sources */,
			);
			runOnlyForDeploymentPostprocessing = 0;
		};
		B4193AA52B5E5B3E00049BA9 /* Sources */ = {
			isa = PBXSourcesBuildPhase;
			buildActionMask = 2147483647;
			files = (
				B4193AAE2B5E5B3E00049BA9 /* exchange_rateUITests.swift in Sources */,
				B4193AB02B5E5B3E00049BA9 /* exchange_rateUITestsLaunchTests.swift in Sources */,
			);
			runOnlyForDeploymentPostprocessing = 0;
		};
/* End PBXSourcesBuildPhase section */

/* Begin PBXTargetDependency section */
		B4193AA12B5E5B3E00049BA9 /* PBXTargetDependency */ = {
			isa = PBXTargetDependency;
			target = B4193A882B5E5B3B00049BA9 /* exchange-rate */;
			targetProxy = B4193AA02B5E5B3E00049BA9 /* PBXContainerItemProxy */;
		};
		B4193AAB2B5E5B3E00049BA9 /* PBXTargetDependency */ = {
			isa = PBXTargetDependency;
			target = B4193A882B5E5B3B00049BA9 /* exchange-rate */;
			targetProxy = B4193AAA2B5E5B3E00049BA9 /* PBXContainerItemProxy */;
		};
/* End PBXTargetDependency section */

/* Begin PBXVariantGroup section */
		B4193A922B5E5B3B00049BA9 /* Main.storyboard */ = {
			isa = PBXVariantGroup;
			children = (
				B4193A932B5E5B3B00049BA9 /* Base */,
			);
			name = Main.storyboard;
			sourceTree = "<group>";
		};
		B4193A972B5E5B3E00049BA9 /* LaunchScreen.storyboard */ = {
			isa = PBXVariantGroup;
			children = (
				B4193A982B5E5B3E00049BA9 /* Base */,
			);
			name = LaunchScreen.storyboard;
			sourceTree = "<group>";
		};
/* End PBXVariantGroup section */

/* Begin XCBuildConfiguration section */
		B4193AB12B5E5B3E00049BA9 /* Debug */ = {
			isa = XCBuildConfiguration;
			buildSettings = {
				ALWAYS_SEARCH_USER_PATHS = NO;
				ASSETCATALOG_COMPILER_GENERATE_SWIFT_ASSET_SYMBOL_EXTENSIONS = YES;
				CLANG_ANALYZER_NONNULL = YES;
				CLANG_ANALYZER_NUMBER_OBJECT_CONVERSION = YES_AGGRESSIVE;
				CLANG_CXX_LANGUAGE_STANDARD = "gnu++20";
				CLANG_ENABLE_MODULES = YES;
				CLANG_ENABLE_OBJC_ARC = YES;
				CLANG_ENABLE_OBJC_WEAK = YES;
				CLANG_WARN_BLOCK_CAPTURE_AUTORELEASING = YES;
				CLANG_WARN_BOOL_CONVERSION = YES;
				CLANG_WARN_COMMA = YES;
				CLANG_WARN_CONSTANT_CONVERSION = YES;
				CLANG_WARN_DEPRECATED_OBJC_IMPLEMENTATIONS = YES;
				CLANG_WARN_DIRECT_OBJC_ISA_USAGE = YES_ERROR;
				CLANG_WARN_DOCUMENTATION_COMMENTS = YES;
				CLANG_WARN_EMPTY_BODY = YES;
				CLANG_WARN_ENUM_CONVERSION = YES;
				CLANG_WARN_INFINITE_RECURSION = YES;
				CLANG_WARN_INT_CONVERSION = YES;
				CLANG_WARN_NON_LITERAL_NULL_CONVERSION = YES;
				CLANG_WARN_OBJC_IMPLICIT_RETAIN_SELF = YES;
				CLANG_WARN_OBJC_LITERAL_CONVERSION = YES;
				CLANG_WARN_OBJC_ROOT_CLASS = YES_ERROR;
				CLANG_WARN_QUOTED_INCLUDE_IN_FRAMEWORK_HEADER = YES;
				CLANG_WARN_RANGE_LOOP_ANALYSIS = YES;
				CLANG_WARN_STRICT_PROTOTYPES = YES;
				CLANG_WARN_SUSPICIOUS_MOVE = YES;
				CLANG_WARN_UNGUARDED_AVAILABILITY = YES_AGGRESSIVE;
				CLANG_WARN_UNREACHABLE_CODE = YES;
				CLANG_WARN__DUPLICATE_METHOD_MATCH = YES;
				COPY_PHASE_STRIP = NO;
				DEBUG_INFORMATION_FORMAT = dwarf;
				ENABLE_STRICT_OBJC_MSGSEND = YES;
				ENABLE_TESTABILITY = YES;
				ENABLE_USER_SCRIPT_SANDBOXING = YES;
				GCC_C_LANGUAGE_STANDARD = gnu17;
				GCC_DYNAMIC_NO_PIC = NO;
				GCC_NO_COMMON_BLOCKS = YES;
				GCC_OPTIMIZATION_LEVEL = 0;
				GCC_PREPROCESSOR_DEFINITIONS = (
					"DEBUG=1",
					"$(inherited)",
				);
				GCC_WARN_64_TO_32_BIT_CONVERSION = YES;
				GCC_WARN_ABOUT_RETURN_TYPE = YES_ERROR;
				GCC_WARN_UNDECLARED_SELECTOR = YES;
				GCC_WARN_UNINITIALIZED_AUTOS = YES_AGGRESSIVE;
				GCC_WARN_UNUSED_FUNCTION = YES;
				GCC_WARN_UNUSED_VARIABLE = YES;
				IPHONEOS_DEPLOYMENT_TARGET = 17.0;
				LOCALIZATION_PREFERS_STRING_CATALOGS = YES;
				MTL_ENABLE_DEBUG_INFO = INCLUDE_SOURCE;
				MTL_FAST_MATH = YES;
				ONLY_ACTIVE_ARCH = YES;
				SDKROOT = iphoneos;
				SWIFT_ACTIVE_COMPILATION_CONDITIONS = "DEBUG $(inherited)";
				SWIFT_OPTIMIZATION_LEVEL = "-Onone";
			};
			name = Debug;
		};
		B4193AB22B5E5B3E00049BA9 /* Release */ = {
			isa = XCBuildConfiguration;
			buildSettings = {
				ALWAYS_SEARCH_USER_PATHS = NO;
				ASSETCATALOG_COMPILER_GENERATE_SWIFT_ASSET_SYMBOL_EXTENSIONS = YES;
				CLANG_ANALYZER_NONNULL = YES;
				CLANG_ANALYZER_NUMBER_OBJECT_CONVERSION = YES_AGGRESSIVE;
				CLANG_CXX_LANGUAGE_STANDARD = "gnu++20";
				CLANG_ENABLE_MODULES = YES;
				CLANG_ENABLE_OBJC_ARC = YES;
				CLANG_ENABLE_OBJC_WEAK = YES;
				CLANG_WARN_BLOCK_CAPTURE_AUTORELEASING = YES;
				CLANG_WARN_BOOL_CONVERSION = YES;
				CLANG_WARN_COMMA = YES;
				CLANG_WARN_CONSTANT_CONVERSION = YES;
				CLANG_WARN_DEPRECATED_OBJC_IMPLEMENTATIONS = YES;
				CLANG_WARN_DIRECT_OBJC_ISA_USAGE = YES_ERROR;
				CLANG_WARN_DOCUMENTATION_COMMENTS = YES;
				CLANG_WARN_EMPTY_BODY = YES;
				CLANG_WARN_ENUM_CONVERSION = YES;
				CLANG_WARN_INFINITE_RECURSION = YES;
				CLANG_WARN_INT_CONVERSION = YES;
				CLANG_WARN_NON_LITERAL_NULL_CONVERSION = YES;
				CLANG_WARN_OBJC_IMPLICIT_RETAIN_SELF = YES;
				CLANG_WARN_OBJC_LITERAL_CONVERSION = YES;
				CLANG_WARN_OBJC_ROOT_CLASS = YES_ERROR;
				CLANG_WARN_QUOTED_INCLUDE_IN_FRAMEWORK_HEADER = YES;
				CLANG_WARN_RANGE_LOOP_ANALYSIS = YES;
				CLANG_WARN_STRICT_PROTOTYPES = YES;
				CLANG_WARN_SUSPICIOUS_MOVE = YES;
				CLANG_WARN_UNGUARDED_AVAILABILITY = YES_AGGRESSIVE;
				CLANG_WARN_UNREACHABLE_CODE = YES;
				CLANG_WARN__DUPLICATE_METHOD_MATCH = YES;
				COPY_PHASE_STRIP = NO;
				DEBUG_INFORMATION_FORMAT = "dwarf-with-dsym";
				ENABLE_NS_ASSERTIONS = NO;
				ENABLE_STRICT_OBJC_MSGSEND = YES;
				ENABLE_USER_SCRIPT_SANDBOXING = YES;
				GCC_C_LANGUAGE_STANDARD = gnu17;
				GCC_NO_COMMON_BLOCKS = YES;
				GCC_WARN_64_TO_32_BIT_CONVERSION = YES;
				GCC_WARN_ABOUT_RETURN_TYPE = YES_ERROR;
				GCC_WARN_UNDECLARED_SELECTOR = YES;
				GCC_WARN_UNINITIALIZED_AUTOS = YES_AGGRESSIVE;
				GCC_WARN_UNUSED_FUNCTION = YES;
				GCC_WARN_UNUSED_VARIABLE = YES;
				IPHONEOS_DEPLOYMENT_TARGET = 17.0;
				LOCALIZATION_PREFERS_STRING_CATALOGS = YES;
				MTL_ENABLE_DEBUG_INFO = NO;
				MTL_FAST_MATH = YES;
				SDKROOT = iphoneos;
				SWIFT_COMPILATION_MODE = wholemodule;
				VALIDATE_PRODUCT = YES;
			};
			name = Release;
		};
		B4193AB42B5E5B3E00049BA9 /* Debug */ = {
			isa = XCBuildConfiguration;
			buildSettings = {
				ASSETCATALOG_COMPILER_APPICON_NAME = AppIcon;
				ASSETCATALOG_COMPILER_GLOBAL_ACCENT_COLOR_NAME = AccentColor;
				CODE_SIGN_STYLE = Automatic;
				CURRENT_PROJECT_VERSION = 1;
				DEVELOPMENT_TEAM = F83UCL3G4C;
				GENERATE_INFOPLIST_FILE = YES;
				INFOPLIST_FILE = "exchange-rate/Info.plist";
				INFOPLIST_KEY_UIApplicationSupportsIndirectInputEvents = YES;
				INFOPLIST_KEY_UILaunchStoryboardName = LaunchScreen;
				INFOPLIST_KEY_UIMainStoryboardFile = Main;
				INFOPLIST_KEY_UISupportedInterfaceOrientations_iPad = "UIInterfaceOrientationPortrait UIInterfaceOrientationPortraitUpsideDown UIInterfaceOrientationLandscapeLeft UIInterfaceOrientationLandscapeRight";
				INFOPLIST_KEY_UISupportedInterfaceOrientations_iPhone = "UIInterfaceOrientationPortrait UIInterfaceOrientationLandscapeLeft UIInterfaceOrientationLandscapeRight";
				LD_RUNPATH_SEARCH_PATHS = (
					"$(inherited)",
					"@executable_path/Frameworks",
				);
				MARKETING_VERSION = 1.0;
				PRODUCT_BUNDLE_IDENTIFIER = "com.exchange-rate";
				PRODUCT_NAME = "$(TARGET_NAME)";
				SWIFT_EMIT_LOC_STRINGS = YES;
				SWIFT_VERSION = 5.0;
				TARGETED_DEVICE_FAMILY = "1,2";
			};
			name = Debug;
		};
		B4193AB52B5E5B3E00049BA9 /* Release */ = {
			isa = XCBuildConfiguration;
			buildSettings = {
				ASSETCATALOG_COMPILER_APPICON_NAME = AppIcon;
				ASSETCATALOG_COMPILER_GLOBAL_ACCENT_COLOR_NAME = AccentColor;
				CODE_SIGN_STYLE = Automatic;
				CURRENT_PROJECT_VERSION = 1;
				DEVELOPMENT_TEAM = F83UCL3G4C;
				GENERATE_INFOPLIST_FILE = YES;
				INFOPLIST_FILE = "exchange-rate/Info.plist";
				INFOPLIST_KEY_UIApplicationSupportsIndirectInputEvents = YES;
				INFOPLIST_KEY_UILaunchStoryboardName = LaunchScreen;
				INFOPLIST_KEY_UIMainStoryboardFile = Main;
				INFOPLIST_KEY_UISupportedInterfaceOrientations_iPad = "UIInterfaceOrientationPortrait UIInterfaceOrientationPortraitUpsideDown UIInterfaceOrientationLandscapeLeft UIInterfaceOrientationLandscapeRight";
				INFOPLIST_KEY_UISupportedInterfaceOrientations_iPhone = "UIInterfaceOrientationPortrait UIInterfaceOrientationLandscapeLeft UIInterfaceOrientationLandscapeRight";
				LD_RUNPATH_SEARCH_PATHS = (
					"$(inherited)",
					"@executable_path/Frameworks",
				);
				MARKETING_VERSION = 1.0;
				PRODUCT_BUNDLE_IDENTIFIER = "com.exchange-rate";
				PRODUCT_NAME = "$(TARGET_NAME)";
				SWIFT_EMIT_LOC_STRINGS = YES;
				SWIFT_VERSION = 5.0;
				TARGETED_DEVICE_FAMILY = "1,2";
			};
			name = Release;
		};
		B4193AB72B5E5B3E00049BA9 /* Debug */ = {
			isa = XCBuildConfiguration;
			buildSettings = {
				ALWAYS_EMBED_SWIFT_STANDARD_LIBRARIES = YES;
				BUNDLE_LOADER = "$(TEST_HOST)";
				CODE_SIGN_STYLE = Automatic;
				CURRENT_PROJECT_VERSION = 1;
				DEVELOPMENT_TEAM = F83UCL3G4C;
				GENERATE_INFOPLIST_FILE = YES;
				IPHONEOS_DEPLOYMENT_TARGET = 17.0;
				MARKETING_VERSION = 1.0;
				PRODUCT_BUNDLE_IDENTIFIER = "com.exchange-rateTests";
				PRODUCT_NAME = "$(TARGET_NAME)";
				SWIFT_EMIT_LOC_STRINGS = NO;
				SWIFT_VERSION = 5.0;
				TARGETED_DEVICE_FAMILY = "1,2";
				TEST_HOST = "$(BUILT_PRODUCTS_DIR)/exchange-rate.app/$(BUNDLE_EXECUTABLE_FOLDER_PATH)/exchange-rate";
			};
			name = Debug;
		};
		B4193AB82B5E5B3E00049BA9 /* Release */ = {
			isa = XCBuildConfiguration;
			buildSettings = {
				ALWAYS_EMBED_SWIFT_STANDARD_LIBRARIES = YES;
				BUNDLE_LOADER = "$(TEST_HOST)";
				CODE_SIGN_STYLE = Automatic;
				CURRENT_PROJECT_VERSION = 1;
				DEVELOPMENT_TEAM = F83UCL3G4C;
				GENERATE_INFOPLIST_FILE = YES;
				IPHONEOS_DEPLOYMENT_TARGET = 17.0;
				MARKETING_VERSION = 1.0;
				PRODUCT_BUNDLE_IDENTIFIER = "com.exchange-rateTests";
				PRODUCT_NAME = "$(TARGET_NAME)";
				SWIFT_EMIT_LOC_STRINGS = NO;
				SWIFT_VERSION = 5.0;
				TARGETED_DEVICE_FAMILY = "1,2";
				TEST_HOST = "$(BUILT_PRODUCTS_DIR)/exchange-rate.app/$(BUNDLE_EXECUTABLE_FOLDER_PATH)/exchange-rate";
			};
			name = Release;
		};
		B4193ABA2B5E5B3E00049BA9 /* Debug */ = {
			isa = XCBuildConfiguration;
			buildSettings = {
				ALWAYS_EMBED_SWIFT_STANDARD_LIBRARIES = YES;
				CODE_SIGN_STYLE = Automatic;
				CURRENT_PROJECT_VERSION = 1;
				DEVELOPMENT_TEAM = F83UCL3G4C;
				GENERATE_INFOPLIST_FILE = YES;
				MARKETING_VERSION = 1.0;
				PRODUCT_BUNDLE_IDENTIFIER = "com.exchange-rateUITests";
				PRODUCT_NAME = "$(TARGET_NAME)";
				SWIFT_EMIT_LOC_STRINGS = NO;
				SWIFT_VERSION = 5.0;
				TARGETED_DEVICE_FAMILY = "1,2";
				TEST_TARGET_NAME = "exchange-rate";
			};
			name = Debug;
		};
		B4193ABB2B5E5B3E00049BA9 /* Release */ = {
			isa = XCBuildConfiguration;
			buildSettings = {
				ALWAYS_EMBED_SWIFT_STANDARD_LIBRARIES = YES;
				CODE_SIGN_STYLE = Automatic;
				CURRENT_PROJECT_VERSION = 1;
				DEVELOPMENT_TEAM = F83UCL3G4C;
				GENERATE_INFOPLIST_FILE = YES;
				MARKETING_VERSION = 1.0;
				PRODUCT_BUNDLE_IDENTIFIER = "com.exchange-rateUITests";
				PRODUCT_NAME = "$(TARGET_NAME)";
				SWIFT_EMIT_LOC_STRINGS = NO;
				SWIFT_VERSION = 5.0;
				TARGETED_DEVICE_FAMILY = "1,2";
				TEST_TARGET_NAME = "exchange-rate";
			};
			name = Release;
		};
/* End XCBuildConfiguration section */

/* Begin XCConfigurationList section */
		B4193A842B5E5B3B00049BA9 /* Build configuration list for PBXProject "exchange-rate" */ = {
			isa = XCConfigurationList;
			buildConfigurations = (
				B4193AB12B5E5B3E00049BA9 /* Debug */,
				B4193AB22B5E5B3E00049BA9 /* Release */,
			);
			defaultConfigurationIsVisible = 0;
			defaultConfigurationName = Release;
		};
		B4193AB32B5E5B3E00049BA9 /* Build configuration list for PBXNativeTarget "exchange-rate" */ = {
			isa = XCConfigurationList;
			buildConfigurations = (
				B4193AB42B5E5B3E00049BA9 /* Debug */,
				B4193AB52B5E5B3E00049BA9 /* Release */,
			);
			defaultConfigurationIsVisible = 0;
			defaultConfigurationName = Release;
		};
		B4193AB62B5E5B3E00049BA9 /* Build configuration list for PBXNativeTarget "exchange-rateTests" */ = {
			isa = XCConfigurationList;
			buildConfigurations = (
				B4193AB72B5E5B3E00049BA9 /* Debug */,
				B4193AB82B5E5B3E00049BA9 /* Release */,
			);
			defaultConfigurationIsVisible = 0;
			defaultConfigurationName = Release;
		};
		B4193AB92B5E5B3E00049BA9 /* Build configuration list for PBXNativeTarget "exchange-rateUITests" */ = {
			isa = XCConfigurationList;
			buildConfigurations = (
				B4193ABA2B5E5B3E00049BA9 /* Debug */,
				B4193ABB2B5E5B3E00049BA9 /* Release */,
			);
			defaultConfigurationIsVisible = 0;
			defaultConfigurationName = Release;
		};
/* End XCConfigurationList section */
	};
	rootObject = B4193A812B5E5B3B00049BA9 /* Project object */;
}
